Microsoft Visual Studio Solution File, Format Version 12.00
# Visual Studio Version 17
VisualStudioVersion = 17.5.2.0
MinimumVisualStudioVersion = 10.0.40219.1
Project("{FAE04EC0-301F-11D3-BF4B-00C04F79EFBC}") = "books", "books.csproj", "{5B7674EE-2575-F34F-B4AA-E4F1BD4853D6}"
EndProject
Global
	GlobalSection(SolutionConfigurationPlatforms) = preSolution
		Debug|Any CPU = Debug|Any CPU
		Release|Any CPU = Release|Any CPU
	EndGlobalSection
	GlobalSection(ProjectConfigurationPlatforms) = postSolution
		{5B7674EE-2575-F34F-B4AA-E4F1BD4853D6}.Debug|Any CPU.ActiveCfg = Debug|Any CPU
		{5B7674EE-2575-F34F-B4AA-E4F1BD4853D6}.Debug|Any CPU.Build.0 = Debug|Any CPU
		{5B7674EE-2575-F34F-B4AA-E4F1BD4853D6}.Release|Any CPU.ActiveCfg = Release|Any CPU
		{5B7674EE-2575-F34F-B4AA-E4F1BD4853D6}.Release|Any CPU.Build.0 = Release|Any CPU
	EndGlobalSection
	GlobalSection(SolutionProperties) = preSolution
		HideSolutionNode = FALSE
	EndGlobalSection
	GlobalSection(ExtensibilityGlobals) = postSolution
		SolutionGuid = {7D80E295-CC9B-4FAA-B7F8-1C7385A4B126}
	EndGlobalSection
EndGlobal
